PODS:
  - MBCalendarKit (2.2.7)
  - MCSwipeTableViewCell (2.1.2)
  - SevenSwitch (1.4.0)

DEPENDENCIES:
  - MBCalendarKit (~> 2.2.7)
  - MCSwipeTableViewCell (~> 2.1.2)
  - SevenSwitch (~> 1.4)

SPEC CHECKSUMS:
  MBCalendarKit: 0adc29bb6c279d7ecbf6e1684701671272a97a65
  MCSwipeTableViewCell: 0fc22bd3635b9b5f4ce08675218b0a7278b6440f
  SevenSwitch: e992e56e2e7f401eb00538b9fa92bf848bacbe27

COCOAPODS: 0.34.4
