<?xml version="1.0" encoding="UTF-8"?>
<!DOCTYPE plist PUBLIC "-//Apple//DTD PLIST 1.0//EN" "http://www.apple.com/DTDs/PropertyList-1.0.dtd">
<plist version="1.0">
<dict>
	<key>archiveVersion</key>
	<string>1</string>
	<key>classes</key>
	<dict/>
	<key>objectVersion</key>
	<string>46</string>
	<key>objects</key>
	<dict>
		<key>0D2439E21A0E782C0005FFA8</key>
		<dict>
			<key>fileEncoding</key>
			<string>4</string>
			<key>isa</key>
			<string>PBXFileReference</string>
			<key>lastKnownFileType</key>
			<string>text</string>
			<key>path</key>
			<string>PodFile</string>
			<key>sourceTree</key>
			<string>&lt;group&gt;</string>
		</dict>
		<key>0D2439E31A0E782C0005FFA8</key>
		<dict>
			<key>fileRef</key>
			<string>0D2439E21A0E782C0005FFA8</string>
			<key>isa</key>
			<string>PBXBuildFile</string>
		</dict>
		<key>0D92BA6C1A030D6C00AF7070</key>
		<dict>
			<key>fileEncoding</key>
			<string>4</string>
			<key>isa</key>
			<string>PBXFileReference</string>
			<key>lastKnownFileType</key>
			<string>sourcecode.c.h</string>
			<key>path</key>
			<string>RecipeIngredientTableViewCell.h</string>
			<key>sourceTree</key>
			<string>&lt;group&gt;</string>
		</dict>
		<key>0D92BA6D1A030D6C00AF7070</key>
		<dict>
			<key>fileEncoding</key>
			<string>4</string>
			<key>isa</key>
			<string>PBXFileReference</string>
			<key>lastKnownFileType</key>
			<string>sourcecode.c.objc</string>
			<key>path</key>
			<string>RecipeIngredientTableViewCell.m</string>
			<key>sourceTree</key>
			<string>&lt;group&gt;</string>
		</dict>
		<key>0D92BA6E1A030D6C00AF7070</key>
		<dict>
			<key>fileEncoding</key>
			<string>4</string>
			<key>isa</key>
			<string>PBXFileReference</string>
			<key>lastKnownFileType</key>
			<string>file.xib</string>
			<key>path</key>
			<string>RecipeIngredientTableViewCell.xib</string>
			<key>sourceTree</key>
			<string>&lt;group&gt;</string>
		</dict>
		<key>0D92BA6F1A030D6C00AF7070</key>
		<dict>
			<key>fileRef</key>
			<string>0D92BA6D1A030D6C00AF7070</string>
			<key>isa</key>
			<string>PBXBuildFile</string>
		</dict>
		<key>0D92BA701A030D6C00AF7070</key>
		<dict>
			<key>fileRef</key>
			<string>0D92BA6E1A030D6C00AF7070</string>
			<key>isa</key>
			<string>PBXBuildFile</string>
		</dict>
		<key>0D934B4619D6611F003A51BC</key>
		<dict>
			<key>children</key>
			<array>
				<string>0D2439E21A0E782C0005FFA8</string>
				<string>0DDAAC1519FDE54C00A79246</string>
				<string>0DDAAC1319FDE54000A79246</string>
				<string>0DDAAC1119FDE53600A79246</string>
				<string>0D934B8D19D67BC7003A51BC</string>
				<string>0D934B5119D6611F003A51BC</string>
				<string>0D934B6E19D6611F003A51BC</string>
				<string>0D934B5019D6611F003A51BC</string>
				<string>C972C8F18F03F4B4ABDD0859</string>
				<string>79826A6EF6218006B2BACD66</string>
			</array>
			<key>isa</key>
			<string>PBXGroup</string>
			<key>sourceTree</key>
			<string>&lt;group&gt;</string>
		</dict>
		<key>0D934B4719D6611F003A51BC</key>
		<dict>
			<key>attributes</key>
			<dict>
				<key>LastUpgradeCheck</key>
				<string>0600</string>
				<key>ORGANIZATIONNAME</key>
				<string>Ben Hancock</string>
				<key>TargetAttributes</key>
				<dict>
					<key>0D934B4E19D6611F003A51BC</key>
					<dict>
						<key>CreatedOnToolsVersion</key>
						<string>6.0.1</string>
					</dict>
					<key>0D934B6A19D6611F003A51BC</key>
					<dict>
						<key>CreatedOnToolsVersion</key>
						<string>6.0.1</string>
						<key>TestTargetID</key>
						<string>0D934B4E19D6611F003A51BC</string>
					</dict>
				</dict>
			</dict>
			<key>buildConfigurationList</key>
			<string>0D934B4A19D6611F003A51BC</string>
			<key>compatibilityVersion</key>
			<string>Xcode 3.2</string>
			<key>developmentRegion</key>
			<string>English</string>
			<key>hasScannedForEncodings</key>
			<string>0</string>
			<key>isa</key>
			<string>PBXProject</string>
			<key>knownRegions</key>
			<array>
				<string>en</string>
				<string>Base</string>
			</array>
			<key>mainGroup</key>
			<string>0D934B4619D6611F003A51BC</string>
			<key>productRefGroup</key>
			<string>0D934B5019D6611F003A51BC</string>
			<key>projectDirPath</key>
			<string></string>
			<key>projectReferences</key>
			<array/>
			<key>projectRoot</key>
			<string></string>
			<key>targets</key>
			<array>
				<string>0D934B4E19D6611F003A51BC</string>
				<string>0D934B6A19D6611F003A51BC</string>
			</array>
		</dict>
		<key>0D934B4A19D6611F003A51BC</key>
		<dict>
			<key>buildConfigurations</key>
			<array>
				<string>0D934B7319D6611F003A51BC</string>
				<string>0D934B7419D6611F003A51BC</string>
			</array>
			<key>defaultConfigurationIsVisible</key>
			<string>0</string>
			<key>defaultConfigurationName</key>
			<string>Release</string>
			<key>isa</key>
			<string>XCConfigurationList</string>
		</dict>
		<key>0D934B4B19D6611F003A51BC</key>
		<dict>
			<key>buildActionMask</key>
			<string>2147483647</string>
			<key>files</key>
			<array>
				<string>0DA596CB19E1803A002EE12E</string>
				<string>0DB57E9C19EB621900441BAF</string>
				<string>0DA596D119E1807E002EE12E</string>
				<string>0D934B5E19D6611F003A51BC</string>
				<string>0DA596CE19E18068002EE12E</string>
				<string>0D934B9919D6824D003A51BC</string>
				<string>0D934B7D19D666A9003A51BC</string>
				<string>0D934B5819D6611F003A51BC</string>
				<string>0D934B8019D666D6003A51BC</string>
				<string>0D934B8319D67496003A51BC</string>
				<string>0D9735FB1A0DDB3A005E6441</string>
				<string>0D934B5B19D6611F003A51BC</string>
				<string>0D934B9619D67EA7003A51BC</string>
				<string>0D9735FE1A0DDBAA005E6441</string>
				<string>0D92BA6F1A030D6C00AF7070</string>
				<string>0D934B5519D6611F003A51BC</string>
			</array>
			<key>isa</key>
			<string>PBXSourcesBuildPhase</string>
			<key>runOnlyForDeploymentPostprocessing</key>
			<string>0</string>
		</dict>
		<key>0D934B4C19D6611F003A51BC</key>
		<dict>
			<key>buildActionMask</key>
			<string>2147483647</string>
			<key>files</key>
			<array>
				<string>0DDAAC1619FDE54C00A79246</string>
				<string>0DDAAC1419FDE54000A79246</string>
				<string>0DDAAC1219FDE53600A79246</string>
				<string>1914DA262DF8D01795A2FE02</string>
			</array>
			<key>isa</key>
			<string>PBXFrameworksBuildPhase</string>
			<key>runOnlyForDeploymentPostprocessing</key>
			<string>0</string>
		</dict>
		<key>0D934B4D19D6611F003A51BC</key>
		<dict>
			<key>buildActionMask</key>
			<string>2147483647</string>
			<key>files</key>
			<array>
				<string>0D934B6119D6611F003A51BC</string>
				<string>0D2439E31A0E782C0005FFA8</string>
				<string>0D934B6619D6611F003A51BC</string>
				<string>0D92BA701A030D6C00AF7070</string>
				<string>0D934B6319D6611F003A51BC</string>
			</array>
			<key>isa</key>
			<string>PBXResourcesBuildPhase</string>
			<key>runOnlyForDeploymentPostprocessing</key>
			<string>0</string>
		</dict>
		<key>0D934B4E19D6611F003A51BC</key>
		<dict>
			<key>buildConfigurationList</key>
			<string>0D934B7519D6611F003A51BC</string>
			<key>buildPhases</key>
			<array>
				<string>FC2281ED27FE5C1FB75BB84C</string>
				<string>0D934B4B19D6611F003A51BC</string>
				<string>0D934B4C19D6611F003A51BC</string>
				<string>0D934B4D19D6611F003A51BC</string>
				<string>A098CFEC4B4FE54B7ED68558</string>
			</array>
			<key>buildRules</key>
			<array/>
			<key>dependencies</key>
			<array/>
			<key>isa</key>
			<string>PBXNativeTarget</string>
			<key>name</key>
			<string>GroceryList</string>
			<key>productName</key>
			<string>GroceryList</string>
			<key>productReference</key>
			<string>0D934B4F19D6611F003A51BC</string>
			<key>productType</key>
			<string>com.apple.product-type.application</string>
		</dict>
		<key>0D934B4F19D6611F003A51BC</key>
		<dict>
			<key>explicitFileType</key>
			<string>wrapper.application</string>
			<key>includeInIndex</key>
			<string>0</string>
			<key>isa</key>
			<string>PBXFileReference</string>
			<key>path</key>
			<string>GroceryList.app</string>
			<key>sourceTree</key>
			<string>BUILT_PRODUCTS_DIR</string>
		</dict>
		<key>0D934B5019D6611F003A51BC</key>
		<dict>
			<key>children</key>
			<array>
				<string>0D934B4F19D6611F003A51BC</string>
				<string>0D934B6B19D6611F003A51BC</string>
			</array>
			<key>isa</key>
			<string>PBXGroup</string>
			<key>name</key>
			<string>Products</string>
			<key>sourceTree</key>
			<string>&lt;group&gt;</string>
		</dict>
		<key>0D934B5119D6611F003A51BC</key>
		<dict>
			<key>children</key>
			<array>
				<string>0D934B7B19D666A9003A51BC</string>
				<string>0D934B7C19D666A9003A51BC</string>
				<string>0D934B5619D6611F003A51BC</string>
				<string>0D934B5719D6611F003A51BC</string>
				<string>0D934B5919D6611F003A51BC</string>
				<string>0D934B5A19D6611F003A51BC</string>
				<string>0D934B5C19D6611F003A51BC</string>
				<string>0D934B5D19D6611F003A51BC</string>
				<string>0D934B5F19D6611F003A51BC</string>
				<string>0D934B6219D6611F003A51BC</string>
				<string>0D934B6419D6611F003A51BC</string>
				<string>0D934B5219D6611F003A51BC</string>
				<string>0D934B7E19D666D6003A51BC</string>
				<string>0D934B7F19D666D6003A51BC</string>
				<string>0D934B8119D67496003A51BC</string>
				<string>0D934B8219D67496003A51BC</string>
				<string>0D92BA6C1A030D6C00AF7070</string>
				<string>0D92BA6D1A030D6C00AF7070</string>
				<string>0D92BA6E1A030D6C00AF7070</string>
			</array>
			<key>isa</key>
			<string>PBXGroup</string>
			<key>name</key>
			<string>GroceryListUI</string>
			<key>path</key>
			<string>GroceryList</string>
			<key>sourceTree</key>
			<string>&lt;group&gt;</string>
		</dict>
		<key>0D934B5219D6611F003A51BC</key>
		<dict>
			<key>children</key>
			<array>
				<string>0D934B5319D6611F003A51BC</string>
				<string>0D934B5419D6611F003A51BC</string>
			</array>
			<key>isa</key>
			<string>PBXGroup</string>
			<key>name</key>
			<string>Supporting Files</string>
			<key>sourceTree</key>
			<string>&lt;group&gt;</string>
		</dict>
		<key>0D934B5319D6611F003A51BC</key>
		<dict>
			<key>isa</key>
			<string>PBXFileReference</string>
			<key>lastKnownFileType</key>
			<string>text.plist.xml</string>
			<key>path</key>
			<string>Info.plist</string>
			<key>sourceTree</key>
			<string>&lt;group&gt;</string>
		</dict>
		<key>0D934B5419D6611F003A51BC</key>
		<dict>
			<key>isa</key>
			<string>PBXFileReference</string>
			<key>lastKnownFileType</key>
			<string>sourcecode.c.objc</string>
			<key>path</key>
			<string>main.m</string>
			<key>sourceTree</key>
			<string>&lt;group&gt;</string>
		</dict>
		<key>0D934B5519D6611F003A51BC</key>
		<dict>
			<key>fileRef</key>
			<string>0D934B5419D6611F003A51BC</string>
			<key>isa</key>
			<string>PBXBuildFile</string>
		</dict>
		<key>0D934B5619D6611F003A51BC</key>
		<dict>
			<key>isa</key>
			<string>PBXFileReference</string>
			<key>lastKnownFileType</key>
			<string>sourcecode.c.h</string>
			<key>path</key>
			<string>AppDelegate.h</string>
			<key>sourceTree</key>
			<string>&lt;group&gt;</string>
		</dict>
		<key>0D934B5719D6611F003A51BC</key>
		<dict>
			<key>isa</key>
			<string>PBXFileReference</string>
			<key>lastKnownFileType</key>
			<string>sourcecode.c.objc</string>
			<key>path</key>
			<string>AppDelegate.m</string>
			<key>sourceTree</key>
			<string>&lt;group&gt;</string>
		</dict>
		<key>0D934B5819D6611F003A51BC</key>
		<dict>
			<key>fileRef</key>
			<string>0D934B5719D6611F003A51BC</string>
			<key>isa</key>
			<string>PBXBuildFile</string>
		</dict>
		<key>0D934B5919D6611F003A51BC</key>
		<dict>
			<key>isa</key>
			<string>PBXFileReference</string>
			<key>lastKnownFileType</key>
			<string>sourcecode.c.h</string>
			<key>path</key>
			<string>CalendarViewController.h</string>
			<key>sourceTree</key>
			<string>&lt;group&gt;</string>
		</dict>
		<key>0D934B5A19D6611F003A51BC</key>
		<dict>
			<key>isa</key>
			<string>PBXFileReference</string>
			<key>lastKnownFileType</key>
			<string>sourcecode.c.objc</string>
			<key>path</key>
			<string>CalendarViewController.m</string>
			<key>sourceTree</key>
			<string>&lt;group&gt;</string>
		</dict>
		<key>0D934B5B19D6611F003A51BC</key>
		<dict>
			<key>fileRef</key>
			<string>0D934B5A19D6611F003A51BC</string>
			<key>isa</key>
			<string>PBXBuildFile</string>
		</dict>
		<key>0D934B5C19D6611F003A51BC</key>
		<dict>
			<key>isa</key>
			<string>PBXFileReference</string>
			<key>lastKnownFileType</key>
			<string>sourcecode.c.h</string>
			<key>path</key>
			<string>MyRecipesViewController.h</string>
			<key>sourceTree</key>
			<string>&lt;group&gt;</string>
		</dict>
		<key>0D934B5D19D6611F003A51BC</key>
		<dict>
			<key>isa</key>
			<string>PBXFileReference</string>
			<key>lastKnownFileType</key>
			<string>sourcecode.c.objc</string>
			<key>path</key>
			<string>MyRecipesViewController.m</string>
			<key>sourceTree</key>
			<string>&lt;group&gt;</string>
		</dict>
		<key>0D934B5E19D6611F003A51BC</key>
		<dict>
			<key>fileRef</key>
			<string>0D934B5D19D6611F003A51BC</string>
			<key>isa</key>
			<string>PBXBuildFile</string>
		</dict>
		<key>0D934B5F19D6611F003A51BC</key>
		<dict>
			<key>children</key>
			<array>
				<string>0D934B6019D6611F003A51BC</string>
			</array>
			<key>isa</key>
			<string>PBXVariantGroup</string>
			<key>name</key>
			<string>Main.storyboard</string>
			<key>sourceTree</key>
			<string>&lt;group&gt;</string>
		</dict>
		<key>0D934B6019D6611F003A51BC</key>
		<dict>
			<key>isa</key>
			<string>PBXFileReference</string>
			<key>lastKnownFileType</key>
			<string>file.storyboard</string>
			<key>name</key>
			<string>Base</string>
			<key>path</key>
			<string>Base.lproj/Main.storyboard</string>
			<key>sourceTree</key>
			<string>&lt;group&gt;</string>
		</dict>
		<key>0D934B6119D6611F003A51BC</key>
		<dict>
			<key>fileRef</key>
			<string>0D934B5F19D6611F003A51BC</string>
			<key>isa</key>
			<string>PBXBuildFile</string>
		</dict>
		<key>0D934B6219D6611F003A51BC</key>
		<dict>
			<key>isa</key>
			<string>PBXFileReference</string>
			<key>lastKnownFileType</key>
			<string>folder.assetcatalog</string>
			<key>path</key>
			<string>Images.xcassets</string>
			<key>sourceTree</key>
			<string>&lt;group&gt;</string>
		</dict>
		<key>0D934B6319D6611F003A51BC</key>
		<dict>
			<key>fileRef</key>
			<string>0D934B6219D6611F003A51BC</string>
			<key>isa</key>
			<string>PBXBuildFile</string>
		</dict>
		<key>0D934B6419D6611F003A51BC</key>
		<dict>
			<key>children</key>
			<array>
				<string>0D934B6519D6611F003A51BC</string>
			</array>
			<key>isa</key>
			<string>PBXVariantGroup</string>
			<key>name</key>
			<string>LaunchScreen.xib</string>
			<key>sourceTree</key>
			<string>&lt;group&gt;</string>
		</dict>
		<key>0D934B6519D6611F003A51BC</key>
		<dict>
			<key>isa</key>
			<string>PBXFileReference</string>
			<key>lastKnownFileType</key>
			<string>file.xib</string>
			<key>name</key>
			<string>Base</string>
			<key>path</key>
			<string>Base.lproj/LaunchScreen.xib</string>
			<key>sourceTree</key>
			<string>&lt;group&gt;</string>
		</dict>
		<key>0D934B6619D6611F003A51BC</key>
		<dict>
			<key>fileRef</key>
			<string>0D934B6419D6611F003A51BC</string>
			<key>isa</key>
			<string>PBXBuildFile</string>
		</dict>
		<key>0D934B6719D6611F003A51BC</key>
		<dict>
			<key>buildActionMask</key>
			<string>2147483647</string>
			<key>files</key>
			<array>
				<string>0D934B7219D6611F003A51BC</string>
			</array>
			<key>isa</key>
			<string>PBXSourcesBuildPhase</string>
			<key>runOnlyForDeploymentPostprocessing</key>
			<string>0</string>
		</dict>
		<key>0D934B6819D6611F003A51BC</key>
		<dict>
			<key>buildActionMask</key>
			<string>2147483647</string>
			<key>files</key>
			<array/>
			<key>isa</key>
			<string>PBXFrameworksBuildPhase</string>
			<key>runOnlyForDeploymentPostprocessing</key>
			<string>0</string>
		</dict>
		<key>0D934B6919D6611F003A51BC</key>
		<dict>
			<key>buildActionMask</key>
			<string>2147483647</string>
			<key>files</key>
			<array/>
			<key>isa</key>
			<string>PBXResourcesBuildPhase</string>
			<key>runOnlyForDeploymentPostprocessing</key>
			<string>0</string>
		</dict>
		<key>0D934B6A19D6611F003A51BC</key>
		<dict>
			<key>buildConfigurationList</key>
			<string>0D934B7819D6611F003A51BC</string>
			<key>buildPhases</key>
			<array>
				<string>0D934B6719D6611F003A51BC</string>
				<string>0D934B6819D6611F003A51BC</string>
				<string>0D934B6919D6611F003A51BC</string>
			</array>
			<key>buildRules</key>
			<array/>
			<key>dependencies</key>
			<array>
				<string>0D934B6D19D6611F003A51BC</string>
			</array>
			<key>isa</key>
			<string>PBXNativeTarget</string>
			<key>name</key>
			<string>GroceryListTests</string>
			<key>productName</key>
			<string>GroceryListTests</string>
			<key>productReference</key>
			<string>0D934B6B19D6611F003A51BC</string>
			<key>productType</key>
			<string>com.apple.product-type.bundle.unit-test</string>
		</dict>
		<key>0D934B6B19D6611F003A51BC</key>
		<dict>
			<key>explicitFileType</key>
			<string>wrapper.cfbundle</string>
			<key>includeInIndex</key>
			<string>0</string>
			<key>isa</key>
			<string>PBXFileReference</string>
			<key>path</key>
			<string>GroceryListTests.xctest</string>
			<key>sourceTree</key>
			<string>BUILT_PRODUCTS_DIR</string>
		</dict>
		<key>0D934B6C19D6611F003A51BC</key>
		<dict>
			<key>containerPortal</key>
			<string>0D934B4719D6611F003A51BC</string>
			<key>isa</key>
			<string>PBXContainerItemProxy</string>
			<key>proxyType</key>
			<string>1</string>
			<key>remoteGlobalIDString</key>
			<string>0D934B4E19D6611F003A51BC</string>
			<key>remoteInfo</key>
			<string>GroceryList</string>
		</dict>
		<key>0D934B6D19D6611F003A51BC</key>
		<dict>
			<key>isa</key>
			<string>PBXTargetDependency</string>
			<key>target</key>
			<string>0D934B4E19D6611F003A51BC</string>
			<key>targetProxy</key>
			<string>0D934B6C19D6611F003A51BC</string>
		</dict>
		<key>0D934B6E19D6611F003A51BC</key>
		<dict>
			<key>children</key>
			<array>
				<string>0D934B7119D6611F003A51BC</string>
				<string>0D934B6F19D6611F003A51BC</string>
			</array>
			<key>isa</key>
			<string>PBXGroup</string>
			<key>path</key>
			<string>GroceryListTests</string>
			<key>sourceTree</key>
			<string>&lt;group&gt;</string>
		</dict>
		<key>0D934B6F19D6611F003A51BC</key>
		<dict>
			<key>children</key>
			<array>
				<string>0D934B7019D6611F003A51BC</string>
			</array>
			<key>isa</key>
			<string>PBXGroup</string>
			<key>name</key>
			<string>Supporting Files</string>
			<key>sourceTree</key>
			<string>&lt;group&gt;</string>
		</dict>
		<key>0D934B7019D6611F003A51BC</key>
		<dict>
			<key>isa</key>
			<string>PBXFileReference</string>
			<key>lastKnownFileType</key>
			<string>text.plist.xml</string>
			<key>path</key>
			<string>Info.plist</string>
			<key>sourceTree</key>
			<string>&lt;group&gt;</string>
		</dict>
		<key>0D934B7119D6611F003A51BC</key>
		<dict>
			<key>isa</key>
			<string>PBXFileReference</string>
			<key>lastKnownFileType</key>
			<string>sourcecode.c.objc</string>
			<key>path</key>
			<string>GroceryListTests.m</string>
			<key>sourceTree</key>
			<string>&lt;group&gt;</string>
		</dict>
		<key>0D934B7219D6611F003A51BC</key>
		<dict>
			<key>fileRef</key>
			<string>0D934B7119D6611F003A51BC</string>
			<key>isa</key>
			<string>PBXBuildFile</string>
		</dict>
		<key>0D934B7319D6611F003A51BC</key>
		<dict>
			<key>buildSettings</key>
			<dict>
				<key>ALWAYS_SEARCH_USER_PATHS</key>
				<string>NO</string>
				<key>CLANG_CXX_LANGUAGE_STANDARD</key>
				<string>gnu++0x</string>
				<key>CLANG_CXX_LIBRARY</key>
				<string>libc++</string>
				<key>CLANG_ENABLE_MODULES</key>
				<string>YES</string>
				<key>CLANG_ENABLE_OBJC_ARC</key>
				<string>YES</string>
				<key>CLANG_WARN_BOOL_CONVERSION</key>
				<string>YES</string>
				<key>CLANG_WARN_CONSTANT_CONVERSION</key>
				<string>YES</string>
				<key>CLANG_WARN_DIRECT_OBJC_ISA_USAGE</key>
				<string>YES_ERROR</string>
				<key>CLANG_WARN_EMPTY_BODY</key>
				<string>YES</string>
				<key>CLANG_WARN_ENUM_CONVERSION</key>
				<string>YES</string>
				<key>CLANG_WARN_INT_CONVERSION</key>
				<string>YES</string>
				<key>CLANG_WARN_OBJC_ROOT_CLASS</key>
				<string>YES_ERROR</string>
				<key>CLANG_WARN_UNREACHABLE_CODE</key>
				<string>YES</string>
				<key>CLANG_WARN__DUPLICATE_METHOD_MATCH</key>
				<string>YES</string>
				<key>CODE_SIGN_IDENTITY[sdk=iphoneos*]</key>
				<string>iPhone Developer</string>
				<key>COPY_PHASE_STRIP</key>
				<string>NO</string>
				<key>ENABLE_STRICT_OBJC_MSGSEND</key>
				<string>YES</string>
				<key>GCC_C_LANGUAGE_STANDARD</key>
				<string>gnu99</string>
				<key>GCC_DYNAMIC_NO_PIC</key>
				<string>NO</string>
				<key>GCC_OPTIMIZATION_LEVEL</key>
				<string>0</string>
				<key>GCC_PREPROCESSOR_DEFINITIONS</key>
				<array>
					<string>DEBUG=1</string>
					<string>$(inherited)</string>
				</array>
				<key>GCC_SYMBOLS_PRIVATE_EXTERN</key>
				<string>NO</string>
				<key>GCC_WARN_64_TO_32_BIT_CONVERSION</key>
				<string>YES</string>
				<key>GCC_WARN_ABOUT_RETURN_TYPE</key>
				<string>YES_ERROR</string>
				<key>GCC_WARN_UNDECLARED_SELECTOR</key>
				<string>YES</string>
				<key>GCC_WARN_UNINITIALIZED_AUTOS</key>
				<string>YES_AGGRESSIVE</string>
				<key>GCC_WARN_UNUSED_FUNCTION</key>
				<string>YES</string>
				<key>GCC_WARN_UNUSED_VARIABLE</key>
				<string>YES</string>
				<key>IPHONEOS_DEPLOYMENT_TARGET</key>
				<string>8.0</string>
				<key>MTL_ENABLE_DEBUG_INFO</key>
				<string>YES</string>
				<key>ONLY_ACTIVE_ARCH</key>
				<string>YES</string>
				<key>SDKROOT</key>
				<string>iphoneos</string>
			</dict>
			<key>isa</key>
			<string>XCBuildConfiguration</string>
			<key>name</key>
			<string>Debug</string>
		</dict>
		<key>0D934B7419D6611F003A51BC</key>
		<dict>
			<key>buildSettings</key>
			<dict>
				<key>ALWAYS_SEARCH_USER_PATHS</key>
				<string>NO</string>
				<key>CLANG_CXX_LANGUAGE_STANDARD</key>
				<string>gnu++0x</string>
				<key>CLANG_CXX_LIBRARY</key>
				<string>libc++</string>
				<key>CLANG_ENABLE_MODULES</key>
				<string>YES</string>
				<key>CLANG_ENABLE_OBJC_ARC</key>
				<string>YES</string>
				<key>CLANG_WARN_BOOL_CONVERSION</key>
				<string>YES</string>
				<key>CLANG_WARN_CONSTANT_CONVERSION</key>
				<string>YES</string>
				<key>CLANG_WARN_DIRECT_OBJC_ISA_USAGE</key>
				<string>YES_ERROR</string>
				<key>CLANG_WARN_EMPTY_BODY</key>
				<string>YES</string>
				<key>CLANG_WARN_ENUM_CONVERSION</key>
				<string>YES</string>
				<key>CLANG_WARN_INT_CONVERSION</key>
				<string>YES</string>
				<key>CLANG_WARN_OBJC_ROOT_CLASS</key>
				<string>YES_ERROR</string>
				<key>CLANG_WARN_UNREACHABLE_CODE</key>
				<string>YES</string>
				<key>CLANG_WARN__DUPLICATE_METHOD_MATCH</key>
				<string>YES</string>
				<key>CODE_SIGN_IDENTITY[sdk=iphoneos*]</key>
				<string>iPhone Developer</string>
				<key>COPY_PHASE_STRIP</key>
				<string>YES</string>
				<key>ENABLE_NS_ASSERTIONS</key>
				<string>NO</string>
				<key>ENABLE_STRICT_OBJC_MSGSEND</key>
				<string>YES</string>
				<key>GCC_C_LANGUAGE_STANDARD</key>
				<string>gnu99</string>
				<key>GCC_WARN_64_TO_32_BIT_CONVERSION</key>
				<string>YES</string>
				<key>GCC_WARN_ABOUT_RETURN_TYPE</key>
				<string>YES_ERROR</string>
				<key>GCC_WARN_UNDECLARED_SELECTOR</key>
				<string>YES</string>
				<key>GCC_WARN_UNINITIALIZED_AUTOS</key>
				<string>YES_AGGRESSIVE</string>
				<key>GCC_WARN_UNUSED_FUNCTION</key>
				<string>YES</string>
				<key>GCC_WARN_UNUSED_VARIABLE</key>
				<string>YES</string>
				<key>IPHONEOS_DEPLOYMENT_TARGET</key>
				<string>8.0</string>
				<key>MTL_ENABLE_DEBUG_INFO</key>
				<string>NO</string>
				<key>SDKROOT</key>
				<string>iphoneos</string>
				<key>VALIDATE_PRODUCT</key>
				<string>YES</string>
			</dict>
			<key>isa</key>
			<string>XCBuildConfiguration</string>
			<key>name</key>
			<string>Release</string>
		</dict>
		<key>0D934B7519D6611F003A51BC</key>
		<dict>
			<key>buildConfigurations</key>
			<array>
				<string>0D934B7619D6611F003A51BC</string>
				<string>0D934B7719D6611F003A51BC</string>
			</array>
			<key>defaultConfigurationIsVisible</key>
			<string>0</string>
			<key>defaultConfigurationName</key>
			<string>Release</string>
			<key>isa</key>
			<string>XCConfigurationList</string>
		</dict>
		<key>0D934B7619D6611F003A51BC</key>
		<dict>
			<key>baseConfigurationReference</key>
			<string>8A046DE5AAAED9EDF73C37BC</string>
			<key>buildSettings</key>
			<dict>
				<key>ASSETCATALOG_COMPILER_APPICON_NAME</key>
				<string>AppIcon</string>
				<key>INFOPLIST_FILE</key>
				<string>GroceryList/Info.plist</string>
				<key>LD_RUNPATH_SEARCH_PATHS</key>
				<string>$(inherited) @executable_path/Frameworks</string>
				<key>PRODUCT_NAME</key>
				<string>$(TARGET_NAME)</string>
			</dict>
			<key>isa</key>
			<string>XCBuildConfiguration</string>
			<key>name</key>
			<string>Debug</string>
		</dict>
		<key>0D934B7719D6611F003A51BC</key>
		<dict>
			<key>baseConfigurationReference</key>
			<string>DD9B21682041A731474AB0CF</string>
			<key>buildSettings</key>
			<dict>
				<key>ASSETCATALOG_COMPILER_APPICON_NAME</key>
				<string>AppIcon</string>
				<key>INFOPLIST_FILE</key>
				<string>GroceryList/Info.plist</string>
				<key>LD_RUNPATH_SEARCH_PATHS</key>
				<string>$(inherited) @executable_path/Frameworks</string>
				<key>PRODUCT_NAME</key>
				<string>$(TARGET_NAME)</string>
			</dict>
			<key>isa</key>
			<string>XCBuildConfiguration</string>
			<key>name</key>
			<string>Release</string>
		</dict>
		<key>0D934B7819D6611F003A51BC</key>
		<dict>
			<key>buildConfigurations</key>
			<array>
				<string>0D934B7919D6611F003A51BC</string>
				<string>0D934B7A19D6611F003A51BC</string>
			</array>
			<key>defaultConfigurationIsVisible</key>
			<string>0</string>
			<key>defaultConfigurationName</key>
			<string>Release</string>
			<key>isa</key>
			<string>XCConfigurationList</string>
		</dict>
		<key>0D934B7919D6611F003A51BC</key>
		<dict>
			<key>buildSettings</key>
			<dict>
				<key>BUNDLE_LOADER</key>
				<string>$(TEST_HOST)</string>
				<key>FRAMEWORK_SEARCH_PATHS</key>
				<array>
					<string>$(SDKROOT)/Developer/Library/Frameworks</string>
					<string>$(inherited)</string>
				</array>
				<key>GCC_PREPROCESSOR_DEFINITIONS</key>
				<array>
					<string>DEBUG=1</string>
					<string>$(inherited)</string>
				</array>
				<key>INFOPLIST_FILE</key>
				<string>GroceryListTests/Info.plist</string>
				<key>LD_RUNPATH_SEARCH_PATHS</key>
				<string>$(inherited) @executable_path/Frameworks @loader_path/Frameworks</string>
				<key>PRODUCT_NAME</key>
				<string>$(TARGET_NAME)</string>
				<key>TEST_HOST</key>
				<string>$(BUILT_PRODUCTS_DIR)/GroceryList.app/GroceryList</string>
			</dict>
			<key>isa</key>
			<string>XCBuildConfiguration</string>
			<key>name</key>
			<string>Debug</string>
		</dict>
		<key>0D934B7A19D6611F003A51BC</key>
		<dict>
			<key>buildSettings</key>
			<dict>
				<key>BUNDLE_LOADER</key>
				<string>$(TEST_HOST)</string>
				<key>FRAMEWORK_SEARCH_PATHS</key>
				<array>
					<string>$(SDKROOT)/Developer/Library/Frameworks</string>
					<string>$(inherited)</string>
				</array>
				<key>INFOPLIST_FILE</key>
				<string>GroceryListTests/Info.plist</string>
				<key>LD_RUNPATH_SEARCH_PATHS</key>
				<string>$(inherited) @executable_path/Frameworks @loader_path/Frameworks</string>
				<key>PRODUCT_NAME</key>
				<string>$(TARGET_NAME)</string>
				<key>TEST_HOST</key>
				<string>$(BUILT_PRODUCTS_DIR)/GroceryList.app/GroceryList</string>
			</dict>
			<key>isa</key>
			<string>XCBuildConfiguration</string>
			<key>name</key>
			<string>Release</string>
		</dict>
		<key>0D934B7B19D666A9003A51BC</key>
		<dict>
			<key>fileEncoding</key>
			<string>4</string>
			<key>isa</key>
			<string>PBXFileReference</string>
			<key>lastKnownFileType</key>
			<string>sourcecode.c.h</string>
			<key>name</key>
			<string>ShoppingListsViewController.h</string>
			<key>path</key>
			<string>../ShoppingListsViewController.h</string>
			<key>sourceTree</key>
			<string>&lt;group&gt;</string>
		</dict>
		<key>0D934B7C19D666A9003A51BC</key>
		<dict>
			<key>fileEncoding</key>
			<string>4</string>
			<key>isa</key>
			<string>PBXFileReference</string>
			<key>lastKnownFileType</key>
			<string>sourcecode.c.objc</string>
			<key>name</key>
			<string>ShoppingListsViewController.m</string>
			<key>path</key>
			<string>../ShoppingListsViewController.m</string>
			<key>sourceTree</key>
			<string>&lt;group&gt;</string>
		</dict>
		<key>0D934B7D19D666A9003A51BC</key>
		<dict>
			<key>fileRef</key>
			<string>0D934B7C19D666A9003A51BC</string>
			<key>isa</key>
			<string>PBXBuildFile</string>
		</dict>
		<key>0D934B7E19D666D6003A51BC</key>
		<dict>
			<key>fileEncoding</key>
			<string>4</string>
			<key>isa</key>
			<string>PBXFileReference</string>
			<key>lastKnownFileType</key>
			<string>sourcecode.c.h</string>
			<key>path</key>
			<string>SettingsViewController.h</string>
			<key>sourceTree</key>
			<string>&lt;group&gt;</string>
		</dict>
		<key>0D934B7F19D666D6003A51BC</key>
		<dict>
			<key>fileEncoding</key>
			<string>4</string>
			<key>isa</key>
			<string>PBXFileReference</string>
			<key>lastKnownFileType</key>
			<string>sourcecode.c.objc</string>
			<key>path</key>
			<string>SettingsViewController.m</string>
			<key>sourceTree</key>
			<string>&lt;group&gt;</string>
		</dict>
		<key>0D934B8019D666D6003A51BC</key>
		<dict>
			<key>fileRef</key>
			<string>0D934B7F19D666D6003A51BC</string>
			<key>isa</key>
			<string>PBXBuildFile</string>
		</dict>
		<key>0D934B8119D67496003A51BC</key>
		<dict>
			<key>fileEncoding</key>
			<string>4</string>
			<key>isa</key>
			<string>PBXFileReference</string>
			<key>lastKnownFileType</key>
			<string>sourcecode.c.h</string>
			<key>path</key>
			<string>AddRecipeViewController.h</string>
			<key>sourceTree</key>
			<string>&lt;group&gt;</string>
		</dict>
		<key>0D934B8219D67496003A51BC</key>
		<dict>
			<key>fileEncoding</key>
			<string>4</string>
			<key>isa</key>
			<string>PBXFileReference</string>
			<key>lastKnownFileType</key>
			<string>sourcecode.c.objc</string>
			<key>path</key>
			<string>AddRecipeViewController.m</string>
			<key>sourceTree</key>
			<string>&lt;group&gt;</string>
		</dict>
		<key>0D934B8319D67496003A51BC</key>
		<dict>
			<key>fileRef</key>
			<string>0D934B8219D67496003A51BC</string>
			<key>isa</key>
			<string>PBXBuildFile</string>
		</dict>
		<key>0D934B8D19D67BC7003A51BC</key>
		<dict>
			<key>children</key>
			<array>
				<string>0D934B9419D67EA7003A51BC</string>
				<string>0DA596CF19E1807E002EE12E</string>
				<string>0DA596D019E1807E002EE12E</string>
				<string>0DA596CC19E18068002EE12E</string>
				<string>0DA596CD19E18068002EE12E</string>
				<string>0DA596C919E1803A002EE12E</string>
				<string>0DA596CA19E1803A002EE12E</string>
				<string>0D934B9719D6824D003A51BC</string>
				<string>0D934B9819D6824D003A51BC</string>
				<string>0DB57E9A19EB621900441BAF</string>
				<string>0DB57E9B19EB621900441BAF</string>
				<string>0D9735F91A0DDB3A005E6441</string>
				<string>0D9735FA1A0DDB3A005E6441</string>
				<string>0D9735FC1A0DDBAA005E6441</string>
				<string>0D9735FD1A0DDBAA005E6441</string>
			</array>
			<key>isa</key>
			<string>PBXGroup</string>
			<key>name</key>
			<string>DataModel</string>
			<key>sourceTree</key>
			<string>&lt;group&gt;</string>
		</dict>
		<key>0D934B9419D67EA7003A51BC</key>
		<dict>
			<key>children</key>
			<array>
				<string>0D934B9519D67EA7003A51BC</string>
			</array>
			<key>currentVersion</key>
			<string>0D934B9519D67EA7003A51BC</string>
			<key>isa</key>
			<string>XCVersionGroup</string>
			<key>path</key>
			<string>DataModel.xcdatamodeld</string>
			<key>sourceTree</key>
			<string>&lt;group&gt;</string>
			<key>versionGroupType</key>
			<string>wrapper.xcdatamodel</string>
		</dict>
		<key>0D934B9519D67EA7003A51BC</key>
		<dict>
			<key>isa</key>
			<string>PBXFileReference</string>
			<key>lastKnownFileType</key>
			<string>wrapper.xcdatamodel</string>
			<key>path</key>
			<string>DataModel.xcdatamodel</string>
			<key>sourceTree</key>
			<string>&lt;group&gt;</string>
		</dict>
		<key>0D934B9619D67EA7003A51BC</key>
		<dict>
			<key>fileRef</key>
			<string>0D934B9419D67EA7003A51BC</string>
			<key>isa</key>
			<string>PBXBuildFile</string>
		</dict>
		<key>0D934B9719D6824D003A51BC</key>
		<dict>
			<key>fileEncoding</key>
			<string>4</string>
			<key>isa</key>
			<string>PBXFileReference</string>
			<key>lastKnownFileType</key>
			<string>sourcecode.c.h</string>
			<key>path</key>
			<string>DataAccess.h</string>
			<key>sourceTree</key>
			<string>&lt;group&gt;</string>
		</dict>
		<key>0D934B9819D6824D003A51BC</key>
		<dict>
			<key>fileEncoding</key>
			<string>4</string>
			<key>isa</key>
			<string>PBXFileReference</string>
			<key>lastKnownFileType</key>
			<string>sourcecode.c.objc</string>
			<key>path</key>
			<string>DataAccess.m</string>
			<key>sourceTree</key>
			<string>&lt;group&gt;</string>
		</dict>
		<key>0D934B9919D6824D003A51BC</key>
		<dict>
			<key>fileRef</key>
			<string>0D934B9819D6824D003A51BC</string>
			<key>isa</key>
			<string>PBXBuildFile</string>
		</dict>
		<key>0D9735F91A0DDB3A005E6441</key>
		<dict>
			<key>fileEncoding</key>
			<string>4</string>
			<key>isa</key>
			<string>PBXFileReference</string>
			<key>lastKnownFileType</key>
			<string>sourcecode.c.h</string>
			<key>path</key>
			<string>ShoppingListIngredient.h</string>
			<key>sourceTree</key>
			<string>&lt;group&gt;</string>
		</dict>
		<key>0D9735FA1A0DDB3A005E6441</key>
		<dict>
			<key>fileEncoding</key>
			<string>4</string>
			<key>isa</key>
			<string>PBXFileReference</string>
			<key>lastKnownFileType</key>
			<string>sourcecode.c.objc</string>
			<key>path</key>
			<string>ShoppingListIngredient.m</string>
			<key>sourceTree</key>
			<string>&lt;group&gt;</string>
		</dict>
		<key>0D9735FB1A0DDB3A005E6441</key>
		<dict>
			<key>fileRef</key>
			<string>0D9735FA1A0DDB3A005E6441</string>
			<key>isa</key>
			<string>PBXBuildFile</string>
		</dict>
		<key>0D9735FC1A0DDBAA005E6441</key>
		<dict>
			<key>fileEncoding</key>
			<string>4</string>
			<key>isa</key>
			<string>PBXFileReference</string>
			<key>lastKnownFileType</key>
			<string>sourcecode.c.h</string>
			<key>path</key>
			<string>ShoppingList.h</string>
			<key>sourceTree</key>
			<string>&lt;group&gt;</string>
		</dict>
		<key>0D9735FD1A0DDBAA005E6441</key>
		<dict>
			<key>fileEncoding</key>
			<string>4</string>
			<key>isa</key>
			<string>PBXFileReference</string>
			<key>lastKnownFileType</key>
			<string>sourcecode.c.objc</string>
			<key>path</key>
			<string>ShoppingList.m</string>
			<key>sourceTree</key>
			<string>&lt;group&gt;</string>
		</dict>
		<key>0D9735FE1A0DDBAA005E6441</key>
		<dict>
			<key>fileRef</key>
			<string>0D9735FD1A0DDBAA005E6441</string>
			<key>isa</key>
			<string>PBXBuildFile</string>
		</dict>
		<key>0DA596C919E1803A002EE12E</key>
		<dict>
			<key>fileEncoding</key>
			<string>4</string>
			<key>isa</key>
			<string>PBXFileReference</string>
			<key>lastKnownFileType</key>
			<string>sourcecode.c.h</string>
			<key>path</key>
			<string>Ingredient.h</string>
			<key>sourceTree</key>
			<string>&lt;group&gt;</string>
		</dict>
		<key>0DA596CA19E1803A002EE12E</key>
		<dict>
			<key>fileEncoding</key>
			<string>4</string>
			<key>isa</key>
			<string>PBXFileReference</string>
			<key>lastKnownFileType</key>
			<string>sourcecode.c.objc</string>
			<key>path</key>
			<string>Ingredient.m</string>
			<key>sourceTree</key>
			<string>&lt;group&gt;</string>
		</dict>
		<key>0DA596CB19E1803A002EE12E</key>
		<dict>
			<key>fileRef</key>
			<string>0DA596CA19E1803A002EE12E</string>
			<key>isa</key>
			<string>PBXBuildFile</string>
		</dict>
		<key>0DA596CC19E18068002EE12E</key>
		<dict>
			<key>fileEncoding</key>
			<string>4</string>
			<key>isa</key>
			<string>PBXFileReference</string>
			<key>lastKnownFileType</key>
			<string>sourcecode.c.h</string>
			<key>path</key>
			<string>RecipeIngredient.h</string>
			<key>sourceTree</key>
			<string>&lt;group&gt;</string>
		</dict>
		<key>0DA596CD19E18068002EE12E</key>
		<dict>
			<key>fileEncoding</key>
			<string>4</string>
			<key>isa</key>
			<string>PBXFileReference</string>
			<key>lastKnownFileType</key>
			<string>sourcecode.c.objc</string>
			<key>path</key>
			<string>RecipeIngredient.m</string>
			<key>sourceTree</key>
			<string>&lt;group&gt;</string>
		</dict>
		<key>0DA596CE19E18068002EE12E</key>
		<dict>
			<key>fileRef</key>
			<string>0DA596CD19E18068002EE12E</string>
			<key>isa</key>
			<string>PBXBuildFile</string>
		</dict>
		<key>0DA596CF19E1807E002EE12E</key>
		<dict>
			<key>fileEncoding</key>
			<string>4</string>
			<key>isa</key>
			<string>PBXFileReference</string>
			<key>lastKnownFileType</key>
			<string>sourcecode.c.h</string>
			<key>path</key>
			<string>Recipe.h</string>
			<key>sourceTree</key>
			<string>&lt;group&gt;</string>
		</dict>
		<key>0DA596D019E1807E002EE12E</key>
		<dict>
			<key>fileEncoding</key>
			<string>4</string>
			<key>isa</key>
			<string>PBXFileReference</string>
			<key>lastKnownFileType</key>
			<string>sourcecode.c.objc</string>
			<key>path</key>
			<string>Recipe.m</string>
			<key>sourceTree</key>
			<string>&lt;group&gt;</string>
		</dict>
		<key>0DA596D119E1807E002EE12E</key>
		<dict>
			<key>fileRef</key>
			<string>0DA596D019E1807E002EE12E</string>
			<key>isa</key>
			<string>PBXBuildFile</string>
		</dict>
		<key>0DB57E9A19EB621900441BAF</key>
		<dict>
			<key>fileEncoding</key>
			<string>4</string>
			<key>isa</key>
			<string>PBXFileReference</string>
			<key>lastKnownFileType</key>
			<string>sourcecode.c.h</string>
			<key>path</key>
			<string>BaseEntity.h</string>
			<key>sourceTree</key>
			<string>&lt;group&gt;</string>
		</dict>
		<key>0DB57E9B19EB621900441BAF</key>
		<dict>
			<key>fileEncoding</key>
			<string>4</string>
			<key>isa</key>
			<string>PBXFileReference</string>
			<key>lastKnownFileType</key>
			<string>sourcecode.c.objc</string>
			<key>path</key>
			<string>BaseEntity.m</string>
			<key>sourceTree</key>
			<string>&lt;group&gt;</string>
		</dict>
		<key>0DB57E9C19EB621900441BAF</key>
		<dict>
			<key>fileRef</key>
			<string>0DB57E9B19EB621900441BAF</string>
			<key>isa</key>
			<string>PBXBuildFile</string>
		</dict>
		<key>0DDAAC1119FDE53600A79246</key>
		<dict>
			<key>isa</key>
			<string>PBXFileReference</string>
			<key>lastKnownFileType</key>
			<string>wrapper.framework</string>
			<key>name</key>
			<string>UIKit.framework</string>
			<key>path</key>
			<string>System/Library/Frameworks/UIKit.framework</string>
			<key>sourceTree</key>
			<string>SDKROOT</string>
		</dict>
		<key>0DDAAC1219FDE53600A79246</key>
		<dict>
			<key>fileRef</key>
			<string>0DDAAC1119FDE53600A79246</string>
			<key>isa</key>
			<string>PBXBuildFile</string>
		</dict>
		<key>0DDAAC1319FDE54000A79246</key>
		<dict>
			<key>isa</key>
			<string>PBXFileReference</string>
			<key>lastKnownFileType</key>
			<string>wrapper.framework</string>
			<key>name</key>
			<string>Foundation.framework</string>
			<key>path</key>
			<string>System/Library/Frameworks/Foundation.framework</string>
			<key>sourceTree</key>
			<string>SDKROOT</string>
		</dict>
		<key>0DDAAC1419FDE54000A79246</key>
		<dict>
			<key>fileRef</key>
			<string>0DDAAC1319FDE54000A79246</string>
			<key>isa</key>
			<string>PBXBuildFile</string>
		</dict>
		<key>0DDAAC1519FDE54C00A79246</key>
		<dict>
			<key>isa</key>
			<string>PBXFileReference</string>
			<key>lastKnownFileType</key>
			<string>wrapper.framework</string>
			<key>name</key>
			<string>CoreData.framework</string>
			<key>path</key>
			<string>System/Library/Frameworks/CoreData.framework</string>
			<key>sourceTree</key>
			<string>SDKROOT</string>
		</dict>
		<key>0DDAAC1619FDE54C00A79246</key>
		<dict>
			<key>fileRef</key>
			<string>0DDAAC1519FDE54C00A79246</string>
			<key>isa</key>
			<string>PBXBuildFile</string>
		</dict>
		<key>1914DA262DF8D01795A2FE02</key>
		<dict>
			<key>fileRef</key>
			<string>DD7996DF66596A51159B8E8A</string>
			<key>isa</key>
			<string>PBXBuildFile</string>
		</dict>
		<key>79826A6EF6218006B2BACD66</key>
		<dict>
			<key>children</key>
			<array>
				<string>DD7996DF66596A51159B8E8A</string>
			</array>
			<key>isa</key>
			<string>PBXGroup</string>
			<key>name</key>
			<string>Frameworks</string>
			<key>sourceTree</key>
			<string>&lt;group&gt;</string>
		</dict>
		<key>8A046DE5AAAED9EDF73C37BC</key>
		<dict>
			<key>includeInIndex</key>
			<string>1</string>
			<key>isa</key>
			<string>PBXFileReference</string>
			<key>lastKnownFileType</key>
			<string>text.xcconfig</string>
			<key>name</key>
			<string>Pods.debug.xcconfig</string>
			<key>path</key>
			<string>Pods/Target Support Files/Pods/Pods.debug.xcconfig</string>
			<key>sourceTree</key>
			<string>&lt;group&gt;</string>
		</dict>
		<key>A098CFEC4B4FE54B7ED68558</key>
		<dict>
			<key>buildActionMask</key>
			<string>2147483647</string>
			<key>files</key>
			<array/>
			<key>inputPaths</key>
			<array/>
			<key>isa</key>
			<string>PBXShellScriptBuildPhase</string>
			<key>name</key>
			<string>Copy Pods Resources</string>
			<key>outputPaths</key>
			<array/>
			<key>runOnlyForDeploymentPostprocessing</key>
			<string>0</string>
			<key>shellPath</key>
			<string>/bin/sh</string>
			<key>shellScript</key>
			<string>"${SRCROOT}/Pods/Target Support Files/Pods/Pods-resources.sh"
</string>
			<key>showEnvVarsInLog</key>
			<string>0</string>
		</dict>
		<key>C972C8F18F03F4B4ABDD0859</key>
		<dict>
			<key>children</key>
			<array>
				<string>8A046DE5AAAED9EDF73C37BC</string>
				<string>DD9B21682041A731474AB0CF</string>
			</array>
			<key>isa</key>
			<string>PBXGroup</string>
			<key>name</key>
			<string>Pods</string>
			<key>sourceTree</key>
			<string>&lt;group&gt;</string>
		</dict>
		<key>DD7996DF66596A51159B8E8A</key>
		<dict>
			<key>explicitFileType</key>
			<string>archive.ar</string>
			<key>includeInIndex</key>
			<string>0</string>
			<key>isa</key>
			<string>PBXFileReference</string>
			<key>path</key>
			<string>libPods.a</string>
			<key>sourceTree</key>
			<string>BUILT_PRODUCTS_DIR</string>
		</dict>
		<key>DD9B21682041A731474AB0CF</key>
		<dict>
			<key>includeInIndex</key>
			<string>1</string>
			<key>isa</key>
			<string>PBXFileReference</string>
			<key>lastKnownFileType</key>
			<string>text.xcconfig</string>
			<key>name</key>
			<string>Pods.release.xcconfig</string>
			<key>path</key>
			<string>Pods/Target Support Files/Pods/Pods.release.xcconfig</string>
			<key>sourceTree</key>
			<string>&lt;group&gt;</string>
		</dict>
		<key>FC2281ED27FE5C1FB75BB84C</key>
		<dict>
			<key>buildActionMask</key>
			<string>2147483647</string>
			<key>files</key>
			<array/>
			<key>inputPaths</key>
			<array/>
			<key>isa</key>
			<string>PBXShellScriptBuildPhase</string>
			<key>name</key>
			<string>Check Pods Manifest.lock</string>
			<key>outputPaths</key>
			<array/>
			<key>runOnlyForDeploymentPostprocessing</key>
			<string>0</string>
			<key>shellPath</key>
			<string>/bin/sh</string>
			<key>shellScript</key>
			<string>diff "${PODS_ROOT}/../Podfile.lock" "${PODS_ROOT}/Manifest.lock" &gt; /dev/null
if [[ $? != 0 ]] ; then
    cat &lt;&lt; EOM
error: The sandbox is not in sync with the Podfile.lock. Run 'pod install' or update your CocoaPods installation.
EOM
    exit 1
fi
</string>
			<key>showEnvVarsInLog</key>
			<string>0</string>
		</dict>
	</dict>
	<key>rootObject</key>
	<string>0D934B4719D6611F003A51BC</string>
</dict>
</plist>
